// !$*UTF8*$!
{
	archiveVersion = 1;
	classes = {
	};
	objectVersion = 50;
	objects = {

/* Begin PBXBuildFile section */
		864AF4B9236A3DD100575088 /* icon.png in Resources */ = {isa = PBXBuildFile; fileRef = 864AF4B8236A3DD100575088 /* icon.png */; };
		86A9A8A523692BB600852476 /* AppDelegate.swift in Sources */ = {isa = PBXBuildFile; fileRef = 86A9A8A423692BB600852476 /* AppDelegate.swift */; };
		86A9A8A723692BB600852476 /* SceneDelegate.swift in Sources */ = {isa = PBXBuildFile; fileRef = 86A9A8A623692BB600852476 /* SceneDelegate.swift */; };
		86A9A8A923692BB600852476 /* PickerViewController.swift in Sources */ = {isa = PBXBuildFile; fileRef = 86A9A8A823692BB600852476 /* PickerViewController.swift */; };
		86A9A8AC23692BB600852476 /* Main.storyboard in Resources */ = {isa = PBXBuildFile; fileRef = 86A9A8AA23692BB600852476 /* Main.storyboard */; };
		86A9A8AE23692BB700852476 /* Assets.xcassets in Resources */ = {isa = PBXBuildFile; fileRef = 86A9A8AD23692BB700852476 /* Assets.xcassets */; };
		86A9A8B123692BB700852476 /* LaunchScreen.storyboard in Resources */ = {isa = PBXBuildFile; fileRef = 86A9A8AF23692BB700852476 /* LaunchScreen.storyboard */; };
		F8095581236D070C00C01407 /* no_img_indicator.png in Resources */ = {isa = PBXBuildFile; fileRef = F8095580236D070C00C01407 /* no_img_indicator.png */; };
		F8095583236D1FAF00C01407 /* MainViewController.swift in Sources */ = {isa = PBXBuildFile; fileRef = F8095582236D1FAF00C01407 /* MainViewController.swift */; };
/* End PBXBuildFile section */

/* Begin PBXFileReference section */
		864AF4B8236A3DD100575088 /* icon.png */ = {isa = PBXFileReference; lastKnownFileType = image.png; path = icon.png; sourceTree = "<group>"; };
		86A9A8A123692BB600852476 /* CamCat.app */ = {isa = PBXFileReference; explicitFileType = wrapper.application; includeInIndex = 0; path = CamCat.app; sourceTree = BUILT_PRODUCTS_DIR; };
		86A9A8A423692BB600852476 /* AppDelegate.swift */ = {isa = PBXFileReference; lastKnownFileType = sourcecode.swift; path = AppDelegate.swift; sourceTree = "<group>"; };
		86A9A8A623692BB600852476 /* SceneDelegate.swift */ = {isa = PBXFileReference; lastKnownFileType = sourcecode.swift; path = SceneDelegate.swift; sourceTree = "<group>"; };
		86A9A8A823692BB600852476 /* PickerViewController.swift */ = {isa = PBXFileReference; lastKnownFileType = sourcecode.swift; path = PickerViewController.swift; sourceTree = "<group>"; };
		86A9A8AB23692BB600852476 /* Base */ = {isa = PBXFileReference; lastKnownFileType = file.storyboard; name = Base; path = Base.lproj/Main.storyboard; sourceTree = "<group>"; };
		86A9A8AD23692BB700852476 /* Assets.xcassets */ = {isa = PBXFileReference; lastKnownFileType = folder.assetcatalog; path = Assets.xcassets; sourceTree = "<group>"; };
		86A9A8B023692BB700852476 /* Base */ = {isa = PBXFileReference; lastKnownFileType = file.storyboard; name = Base; path = Base.lproj/LaunchScreen.storyboard; sourceTree = "<group>"; };
		86A9A8B223692BB700852476 /* Info.plist */ = {isa = PBXFileReference; lastKnownFileType = text.plist.xml; path = Info.plist; sourceTree = "<group>"; };
		F8095580236D070C00C01407 /* no_img_indicator.png */ = {isa = PBXFileReference; lastKnownFileType = image.png; path = no_img_indicator.png; sourceTree = "<group>"; };
		F8095582236D1FAF00C01407 /* MainViewController.swift */ = {isa = PBXFileReference; lastKnownFileType = sourcecode.swift; path = MainViewController.swift; sourceTree = "<group>"; };
/* End PBXFileReference section */

/* Begin PBXFrameworksBuildPhase section */
		86A9A89E23692BB600852476 /* Frameworks */ = {
			isa = PBXFrameworksBuildPhase;
			buildActionMask = 2147483647;
			files = (
			);
			runOnlyForDeploymentPostprocessing = 0;
		};
/* End PBXFrameworksBuildPhase section */

/* Begin PBXGroup section */
		86A9A89823692BB600852476 = {
			isa = PBXGroup;
			children = (
				86A9A8A323692BB600852476 /* camcat */,
				86A9A8A223692BB600852476 /* Products */,
			);
			sourceTree = "<group>";
		};
		86A9A8A223692BB600852476 /* Products */ = {
			isa = PBXGroup;
			children = (
				86A9A8A123692BB600852476 /* CamCat.app */,
			);
			name = Products;
			sourceTree = "<group>";
		};
		86A9A8A323692BB600852476 /* camcat */ = {
			isa = PBXGroup;
			children = (
				F8095580236D070C00C01407 /* no_img_indicator.png */,
				86A9A8A423692BB600852476 /* AppDelegate.swift */,
				86A9A8A623692BB600852476 /* SceneDelegate.swift */,
				86A9A8A823692BB600852476 /* PickerViewController.swift */,
				86A9A8AA23692BB600852476 /* Main.storyboard */,
				864AF4B8236A3DD100575088 /* icon.png */,
				86A9A8AD23692BB700852476 /* Assets.xcassets */,
				86A9A8AF23692BB700852476 /* LaunchScreen.storyboard */,
				86A9A8B223692BB700852476 /* Info.plist */,
				F8095582236D1FAF00C01407 /* MainViewController.swift */,
			);
			path = camcat;
			sourceTree = "<group>";
		};
/* End PBXGroup section */

/* Begin PBXNativeTarget section */
		86A9A8A023692BB600852476 /* camcat */ = {
			isa = PBXNativeTarget;
			buildConfigurationList = 86A9A8B523692BB700852476 /* Build configuration list for PBXNativeTarget "camcat" */;
			buildPhases = (
				86A9A89D23692BB600852476 /* Sources */,
				86A9A89E23692BB600852476 /* Frameworks */,
				86A9A89F23692BB600852476 /* Resources */,
			);
			buildRules = (
			);
			dependencies = (
			);
			name = camcat;
			productName = camcat;
			productReference = 86A9A8A123692BB600852476 /* CamCat.app */;
			productType = "com.apple.product-type.application";
		};
/* End PBXNativeTarget section */

/* Begin PBXProject section */
		86A9A89923692BB600852476 /* Project object */ = {
			isa = PBXProject;
			attributes = {
				LastSwiftUpdateCheck = 1100;
				LastUpgradeCheck = 1100;
				ORGANIZATIONNAME = "Sophia Zhu";
				TargetAttributes = {
					86A9A8A023692BB600852476 = {
						CreatedOnToolsVersion = 11.0;
					};
				};
			};
			buildConfigurationList = 86A9A89C23692BB600852476 /* Build configuration list for PBXProject "camcat" */;
			compatibilityVersion = "Xcode 9.3";
			developmentRegion = en;
			hasScannedForEncodings = 0;
			knownRegions = (
				en,
				Base,
			);
			mainGroup = 86A9A89823692BB600852476;
			productRefGroup = 86A9A8A223692BB600852476 /* Products */;
			projectDirPath = "";
			projectRoot = "";
			targets = (
				86A9A8A023692BB600852476 /* camcat */,
			);
		};
/* End PBXProject section */

/* Begin PBXResourcesBuildPhase section */
		86A9A89F23692BB600852476 /* Resources */ = {
			isa = PBXResourcesBuildPhase;
			buildActionMask = 2147483647;
			files = (
				864AF4B9236A3DD100575088 /* icon.png in Resources */,
				F8095581236D070C00C01407 /* no_img_indicator.png in Resources */,
				86A9A8B123692BB700852476 /* LaunchScreen.storyboard in Resources */,
				86A9A8AE23692BB700852476 /* Assets.xcassets in Resources */,
				86A9A8AC23692BB600852476 /* Main.storyboard in Resources */,
			);
			runOnlyForDeploymentPostprocessing = 0;
		};
/* End PBXResourcesBuildPhase section */

/* Begin PBXSourcesBuildPhase section */
		86A9A89D23692BB600852476 /* Sources */ = {
			isa = PBXSourcesBuildPhase;
			buildActionMask = 2147483647;
			files = (
				86A9A8A923692BB600852476 /* PickerViewController.swift in Sources */,
				86A9A8A523692BB600852476 /* AppDelegate.swift in Sources */,
				86A9A8A723692BB600852476 /* SceneDelegate.swift in Sources */,
				F8095583236D1FAF00C01407 /* MainViewController.swift in Sources */,
			);
			runOnlyForDeploymentPostprocessing = 0;
		};
/* End PBXSourcesBuildPhase section */

/* Begin PBXVariantGroup section */
		86A9A8AA23692BB600852476 /* Main.storyboard */ = {
			isa = PBXVariantGroup;
			children = (
				86A9A8AB23692BB600852476 /* Base */,
			);
			name = Main.storyboard;
			sourceTree = "<group>";
		};
		86A9A8AF23692BB700852476 /* LaunchScreen.storyboard */ = {
			isa = PBXVariantGroup;
			children = (
				86A9A8B023692BB700852476 /* Base */,
			);
			name = LaunchScreen.storyboard;
			sourceTree = "<group>";
		};
/* End PBXVariantGroup section */

/* Begin XCBuildConfiguration section */
		86A9A8B323692BB700852476 /* Debug */ = {
			isa = XCBuildConfiguration;
			buildSettings = {
				ALWAYS_SEARCH_USER_PATHS = NO;
				CLANG_ANALYZER_NONNULL = YES;
				CLANG_ANALYZER_NUMBER_OBJECT_CONVERSION = YES_AGGRESSIVE;
				CLANG_CXX_LANGUAGE_STANDARD = "gnu++14";
				CLANG_CXX_LIBRARY = "libc++";
				CLANG_ENABLE_MODULES = YES;
				CLANG_ENABLE_OBJC_ARC = YES;
				CLANG_ENABLE_OBJC_WEAK = YES;
				CLANG_WARN_BLOCK_CAPTURE_AUTORELEASING = YES;
				CLANG_WARN_BOOL_CONVERSION = YES;
				CLANG_WARN_COMMA = YES;
				CLANG_WARN_CONSTANT_CONVERSION = YES;
				CLANG_WARN_DEPRECATED_OBJC_IMPLEMENTATIONS = YES;
				CLANG_WARN_DIRECT_OBJC_ISA_USAGE = YES_ERROR;
				CLANG_WARN_DOCUMENTATION_COMMENTS = YES;
				CLANG_WARN_EMPTY_BODY = YES;
				CLANG_WARN_ENUM_CONVERSION = YES;
				CLANG_WARN_INFINITE_RECURSION = YES;
				CLANG_WARN_INT_CONVERSION = YES;
				CLANG_WARN_NON_LITERAL_NULL_CONVERSION = YES;
				CLANG_WARN_OBJC_IMPLICIT_RETAIN_SELF = YES;
				CLANG_WARN_OBJC_LITERAL_CONVERSION = YES;
				CLANG_WARN_OBJC_ROOT_CLASS = YES_ERROR;
				CLANG_WARN_RANGE_LOOP_ANALYSIS = YES;
				CLANG_WARN_STRICT_PROTOTYPES = YES;
				CLANG_WARN_SUSPICIOUS_MOVE = YES;
				CLANG_WARN_UNGUARDED_AVAILABILITY = YES_AGGRESSIVE;
				CLANG_WARN_UNREACHABLE_CODE = YES;
				CLANG_WARN__DUPLICATE_METHOD_MATCH = YES;
				COPY_PHASE_STRIP = NO;
				DEBUG_INFORMATION_FORMAT = dwarf;
				ENABLE_STRICT_OBJC_MSGSEND = YES;
				ENABLE_TESTABILITY = YES;
				GCC_C_LANGUAGE_STANDARD = gnu11;
				GCC_DYNAMIC_NO_PIC = NO;
				GCC_NO_COMMON_BLOCKS = YES;
				GCC_OPTIMIZATION_LEVEL = 0;
				GCC_PREPROCESSOR_DEFINITIONS = (
					"DEBUG=1",
					"$(inherited)",
				);
				GCC_WARN_64_TO_32_BIT_CONVERSION = YES;
				GCC_WARN_ABOUT_RETURN_TYPE = YES_ERROR;
				GCC_WARN_UNDECLARED_SELECTOR = YES;
				GCC_WARN_UNINITIALIZED_AUTOS = YES_AGGRESSIVE;
				GCC_WARN_UNUSED_FUNCTION = YES;
				GCC_WARN_UNUSED_VARIABLE = YES;
				IPHONEOS_DEPLOYMENT_TARGET = 13.0;
				MTL_ENABLE_DEBUG_INFO = INCLUDE_SOURCE;
				MTL_FAST_MATH = YES;
				ONLY_ACTIVE_ARCH = YES;
				SDKROOT = iphoneos;
				SWIFT_ACTIVE_COMPILATION_CONDITIONS = DEBUG;
				SWIFT_OPTIMIZATION_LEVEL = "-Onone";
			};
			name = Debug;
		};
		86A9A8B423692BB700852476 /* Release */ = {
			isa = XCBuildConfiguration;
			buildSettings = {
				ALWAYS_SEARCH_USER_PATHS = NO;
				CLANG_ANALYZER_NONNULL = YES;
				CLANG_ANALYZER_NUMBER_OBJECT_CONVERSION = YES_AGGRESSIVE;
				CLANG_CXX_LANGUAGE_STANDARD = "gnu++14";
				CLANG_CXX_LIBRARY = "libc++";
				CLANG_ENABLE_MODULES = YES;
				CLANG_ENABLE_OBJC_ARC = YES;
				CLANG_ENABLE_OBJC_WEAK = YES;
				CLANG_WARN_BLOCK_CAPTURE_AUTORELEASING = YES;
				CLANG_WARN_BOOL_CONVERSION = YES;
				CLANG_WARN_COMMA = YES;
				CLANG_WARN_CONSTANT_CONVERSION = YES;
				CLANG_WARN_DEPRECATED_OBJC_IMPLEMENTATIONS = YES;
				CLANG_WARN_DIRECT_OBJC_ISA_USAGE = YES_ERROR;
				CLANG_WARN_DOCUMENTATION_COMMENTS = YES;
				CLANG_WARN_EMPTY_BODY = YES;
				CLANG_WARN_ENUM_CONVERSION = YES;
				CLANG_WARN_INFINITE_RECURSION = YES;
				CLANG_WARN_INT_CONVERSION = YES;
				CLANG_WARN_NON_LITERAL_NULL_CONVERSION = YES;
				CLANG_WARN_OBJC_IMPLICIT_RETAIN_SELF = YES;
				CLANG_WARN_OBJC_LITERAL_CONVERSION = YES;
				CLANG_WARN_OBJC_ROOT_CLASS = YES_ERROR;
				CLANG_WARN_RANGE_LOOP_ANALYSIS = YES;
				CLANG_WARN_STRICT_PROTOTYPES = YES;
				CLANG_WARN_SUSPICIOUS_MOVE = YES;
				CLANG_WARN_UNGUARDED_AVAILABILITY = YES_AGGRESSIVE;
				CLANG_WARN_UNREACHABLE_CODE = YES;
				CLANG_WARN__DUPLICATE_METHOD_MATCH = YES;
				COPY_PHASE_STRIP = NO;
				DEBUG_INFORMATION_FORMAT = "dwarf-with-dsym";
				ENABLE_NS_ASSERTIONS = NO;
				ENABLE_STRICT_OBJC_MSGSEND = YES;
				GCC_C_LANGUAGE_STANDARD = gnu11;
				GCC_NO_COMMON_BLOCKS = YES;
				GCC_WARN_64_TO_32_BIT_CONVERSION = YES;
				GCC_WARN_ABOUT_RETURN_TYPE = YES_ERROR;
				GCC_WARN_UNDECLARED_SELECTOR = YES;
				GCC_WARN_UNINITIALIZED_AUTOS = YES_AGGRESSIVE;
				GCC_WARN_UNUSED_FUNCTION = YES;
				GCC_WARN_UNUSED_VARIABLE = YES;
				IPHONEOS_DEPLOYMENT_TARGET = 13.0;
				MTL_ENABLE_DEBUG_INFO = NO;
				MTL_FAST_MATH = YES;
				SDKROOT = iphoneos;
				SWIFT_COMPILATION_MODE = wholemodule;
				SWIFT_OPTIMIZATION_LEVEL = "-O";
				VALIDATE_PRODUCT = YES;
			};
			name = Release;
		};
		86A9A8B623692BB700852476 /* Debug */ = {
			isa = XCBuildConfiguration;
			buildSettings = {
				ASSETCATALOG_COMPILER_APPICON_NAME = AppIcon;
				CODE_SIGN_STYLE = Automatic;
				DEVELOPMENT_TEAM = 5A2K5LSUS9;
				INFOPLIST_FILE = camcat/Info.plist;
				LD_RUNPATH_SEARCH_PATHS = (
					"$(inherited)",
					"@executable_path/Frameworks",
				);
				PRODUCT_BUNDLE_IDENTIFIER = zilin.camcat;
				PRODUCT_NAME = CamCat;
				SWIFT_VERSION = 5.0;
				TARGETED_DEVICE_FAMILY = "1,2";
			};
			name = Debug;
		};
		86A9A8B723692BB700852476 /* Release */ = {
			isa = XCBuildConfiguration;
			buildSettings = {
				ASSETCATALOG_COMPILER_APPICON_NAME = AppIcon;
				CODE_SIGN_STYLE = Automatic;
				DEVELOPMENT_TEAM = 5A2K5LSUS9;
				INFOPLIST_FILE = camcat/Info.plist;
				LD_RUNPATH_SEARCH_PATHS = (
					"$(inherited)",
					"@executable_path/Frameworks",
				);
				PRODUCT_BUNDLE_IDENTIFIER = zilin.camcat;
				PRODUCT_NAME = CamCat;
				SWIFT_VERSION = 5.0;
				TARGETED_DEVICE_FAMILY = "1,2";
			};
			name = Release;
		};
/* End XCBuildConfiguration section */

/* Begin XCConfigurationList section */
		86A9A89C23692BB600852476 /* Build configuration list for PBXProject "camcat" */ = {
			isa = XCConfigurationList;
			buildConfigurations = (
				86A9A8B323692BB700852476 /* Debug */,
				86A9A8B423692BB700852476 /* Release */,
			);
			defaultConfigurationIsVisible = 0;
			defaultConfigurationName = Release;
		};
		86A9A8B523692BB700852476 /* Build configuration list for PBXNativeTarget "camcat" */ = {
			isa = XCConfigurationList;
			buildConfigurations = (
				86A9A8B623692BB700852476 /* Debug */,
				86A9A8B723692BB700852476 /* Release */,
			);
			defaultConfigurationIsVisible = 0;
			defaultConfigurationName = Release;
		};
/* End XCConfigurationList section */
	};
	rootObject = 86A9A89923692BB600852476 /* Project object */;
}
